
Microsoft Visual Studio Solution File, Format Version 12.00
# Visual Studio Version 17
VisualStudioVersion = 17.0.31903.59
MinimumVisualStudioVersion = 10.0.40219.1
Project("{FAE04EC0-301F-11D3-BF4B-00C04F79EFBC}") = "PokerGame", "PokerGame\PokerGame.csproj", "{DC91D705-C788-4BA3-822F-3EABF9E17686}"
EndProject
Project("{FAE04EC0-301F-11D3-BF4B-00C04F79EFBC}") = "Sandbox", "Sandbox\Sandbox.csproj", "{AED787C4-C766-42B7-B4AD-F097AC283522}"
EndProject
Project("{FAE04EC0-301F-11D3-BF4B-00C04F79EFBC}") = "Testing", "Testing\Testing.csproj", "{4DCE07B6-3FA4-4DC1-AE96-9F9751E8B249}"
EndProject
Global
	GlobalSection(SolutionConfigurationPlatforms) = preSolution
		Debug|Any CPU = Debug|Any CPU
		Debug|x64 = Debug|x64
		Debug|x86 = Debug|x86
		Release|Any CPU = Release|Any CPU
		Release|x64 = Release|x64
		Release|x86 = Release|x86
	EndGlobalSection
	GlobalSection(ProjectConfigurationPlatforms) = postSolution
		{DC91D705-C788-4BA3-822F-3EABF9E17686}.Debug|Any CPU.ActiveCfg = Debug|Any CPU
		{DC91D705-C788-4BA3-822F-3EABF9E17686}.Debug|Any CPU.Build.0 = Debug|Any CPU
		{DC91D705-C788-4BA3-822F-3EABF9E17686}.Debug|x64.ActiveCfg = Debug|Any CPU
		{DC91D705-C788-4BA3-822F-3EABF9E17686}.Debug|x64.Build.0 = Debug|Any CPU
		{DC91D705-C788-4BA3-822F-3EABF9E17686}.Debug|x86.ActiveCfg = Debug|Any CPU
		{DC91D705-C788-4BA3-822F-3EABF9E17686}.Debug|x86.Build.0 = Debug|Any CPU
		{DC91D705-C788-4BA3-822F-3EABF9E17686}.Release|Any CPU.ActiveCfg = Release|Any CPU
		{DC91D705-C788-4BA3-822F-3EABF9E17686}.Release|Any CPU.Build.0 = Release|Any CPU
		{DC91D705-C788-4BA3-822F-3EABF9E17686}.Release|x64.ActiveCfg = Release|Any CPU
		{DC91D705-C788-4BA3-822F-3EABF9E17686}.Release|x64.Build.0 = Release|Any CPU
		{DC91D705-C788-4BA3-822F-3EABF9E17686}.Release|x86.ActiveCfg = Release|Any CPU
		{DC91D705-C788-4BA3-822F-3EABF9E17686}.Release|x86.Build.0 = Release|Any CPU
		{AED787C4-C766-42B7-B4AD-F097AC283522}.Debug|Any CPU.ActiveCfg = Debug|Any CPU
		{AED787C4-C766-42B7-B4AD-F097AC283522}.Debug|Any CPU.Build.0 = Debug|Any CPU
		{AED787C4-C766-42B7-B4AD-F097AC283522}.Debug|x64.ActiveCfg = Debug|Any CPU
		{AED787C4-C766-42B7-B4AD-F097AC283522}.Debug|x64.Build.0 = Debug|Any CPU
		{AED787C4-C766-42B7-B4AD-F097AC283522}.Debug|x86.ActiveCfg = Debug|Any CPU
		{AED787C4-C766-42B7-B4AD-F097AC283522}.Debug|x86.Build.0 = Debug|Any CPU
		{AED787C4-C766-42B7-B4AD-F097AC283522}.Release|Any CPU.ActiveCfg = Release|Any CPU
		{AED787C4-C766-42B7-B4AD-F097AC283522}.Release|Any CPU.Build.0 = Release|Any CPU
		{AED787C4-C766-42B7-B4AD-F097AC283522}.Release|x64.ActiveCfg = Release|Any CPU
		{AED787C4-C766-42B7-B4AD-F097AC283522}.Release|x64.Build.0 = Release|Any CPU
		{AED787C4-C766-42B7-B4AD-F097AC283522}.Release|x86.ActiveCfg = Release|Any CPU
		{AED787C4-C766-42B7-B4AD-F097AC283522}.Release|x86.Build.0 = Release|Any CPU
		{4DCE07B6-3FA4-4DC1-AE96-9F9751E8B249}.Debug|Any CPU.ActiveCfg = Debug|Any CPU
		{4DCE07B6-3FA4-4DC1-AE96-9F9751E8B249}.Debug|Any CPU.Build.0 = Debug|Any CPU
		{4DCE07B6-3FA4-4DC1-AE96-9F9751E8B249}.Debug|x64.ActiveCfg = Debug|Any CPU
		{4DCE07B6-3FA4-4DC1-AE96-9F9751E8B249}.Debug|x64.Build.0 = Debug|Any CPU
		{4DCE07B6-3FA4-4DC1-AE96-9F9751E8B249}.Debug|x86.ActiveCfg = Debug|Any CPU
		{4DCE07B6-3FA4-4DC1-AE96-9F9751E8B249}.Debug|x86.Build.0 = Debug|Any CPU
		{4DCE07B6-3FA4-4DC1-AE96-9F9751E8B249}.Release|Any CPU.ActiveCfg = Release|Any CPU
		{4DCE07B6-3FA4-4DC1-AE96-9F9751E8B249}.Release|Any CPU.Build.0 = Release|Any CPU
		{4DCE07B6-3FA4-4DC1-AE96-9F9751E8B249}.Release|x64.ActiveCfg = Release|Any CPU
		{4DCE07B6-3FA4-4DC1-AE96-9F9751E8B249}.Release|x64.Build.0 = Release|Any CPU
		{4DCE07B6-3FA4-4DC1-AE96-9F9751E8B249}.Release|x86.ActiveCfg = Release|Any CPU
		{4DCE07B6-3FA4-4DC1-AE96-9F9751E8B249}.Release|x86.Build.0 = Release|Any CPU
	EndGlobalSection
	GlobalSection(SolutionProperties) = preSolution
		HideSolutionNode = FALSE
	EndGlobalSection
EndGlobal
